// !$*UTF8*$!
{
	archiveVersion = 1;
	classes = {
	};
	objectVersion = 46;
	objects = {

/* Begin PBXBuildFile section */
		4CD5C02D1B8D9EDA006E0390 /* NSDate+swift.swift in Sources */ = {isa = PBXBuildFile; fileRef = 4CD5C02C1B8D9EDA006E0390 /* NSDate+swift.swift */; };
		4CD5C0351B8DD01F006E0390 /* JobAdapterModel.swift in Sources */ = {isa = PBXBuildFile; fileRef = 4CD5C0331B8DD01F006E0390 /* JobAdapterModel.swift */; };
		4CD5C0361B8DD01F006E0390 /* JobPlanAdapterModel.swift in Sources */ = {isa = PBXBuildFile; fileRef = 4CD5C0341B8DD01F006E0390 /* JobPlanAdapterModel.swift */; };
		4CD5C0381B8DD038006E0390 /* CountTechOpsResponse.swift in Sources */ = {isa = PBXBuildFile; fileRef = 4CD5C0371B8DD038006E0390 /* CountTechOpsResponse.swift */; };
		4CD5C03A1B8EDB77006E0390 /* JobsViewController.swift in Sources */ = {isa = PBXBuildFile; fileRef = 4CD5C0391B8EDB77006E0390 /* JobsViewController.swift */; };
		4CD5C03C1B8F1454006E0390 /* CountFileResponse.swift in Sources */ = {isa = PBXBuildFile; fileRef = 4CD5C03B1B8F1454006E0390 /* CountFileResponse.swift */; };
		4CD5C03E1B8F4FD5006E0390 /* JobTechOpAdapterModel.swift in Sources */ = {isa = PBXBuildFile; fileRef = 4CD5C03D1B8F4FD5006E0390 /* JobTechOpAdapterModel.swift */; };
		4CE3C7581B8C3EC700D57841 /* AuthorizationViewController.swift in Sources */ = {isa = PBXBuildFile; fileRef = 4CE3C7571B8C3EC700D57841 /* AuthorizationViewController.swift */; };
		4CE3C75A1B8C489700D57841 /* String+md5.swift in Sources */ = {isa = PBXBuildFile; fileRef = 4CE3C7591B8C489700D57841 /* String+md5.swift */; };
		883CC60E1B74AF7700201CBB /* WorkCell.swift in Sources */ = {isa = PBXBuildFile; fileRef = 883CC60D1B74AF7700201CBB /* WorkCell.swift */; };
		883CC6101B775B8100201CBB /* OperationsViewController.swift in Sources */ = {isa = PBXBuildFile; fileRef = 883CC60F1B775B8100201CBB /* OperationsViewController.swift */; };
		883CC6121B7765A500201CBB /* WorkInfoViewController.swift in Sources */ = {isa = PBXBuildFile; fileRef = 883CC6111B7765A500201CBB /* WorkInfoViewController.swift */; };
		883CC6141B77CA6500201CBB /* OperationViewCell.swift in Sources */ = {isa = PBXBuildFile; fileRef = 883CC6131B77CA6500201CBB /* OperationViewCell.swift */; };
		883CC6351B79E96F00201CBB /* FMDatabase.m in Sources */ = {isa = PBXBuildFile; fileRef = 883CC62C1B79E96F00201CBB /* FMDatabase.m */; };
		883CC6361B79E96F00201CBB /* FMDatabaseAdditions.m in Sources */ = {isa = PBXBuildFile; fileRef = 883CC62E1B79E96F00201CBB /* FMDatabaseAdditions.m */; };
		883CC6371B79E96F00201CBB /* FMDatabasePool.m in Sources */ = {isa = PBXBuildFile; fileRef = 883CC6301B79E96F00201CBB /* FMDatabasePool.m */; };
		883CC6381B79E96F00201CBB /* FMDatabaseQueue.m in Sources */ = {isa = PBXBuildFile; fileRef = 883CC6321B79E96F00201CBB /* FMDatabaseQueue.m */; };
		883CC6391B79E96F00201CBB /* FMResultSet.m in Sources */ = {isa = PBXBuildFile; fileRef = 883CC6341B79E96F00201CBB /* FMResultSet.m */; };
		883CC63D1B79EDEA00201CBB /* libsqlite3.dylib in Frameworks */ = {isa = PBXBuildFile; fileRef = 883CC63C1B79EDEA00201CBB /* libsqlite3.dylib */; };
		883CC63F1B79F42300201CBB /* FilesViewController.swift in Sources */ = {isa = PBXBuildFile; fileRef = 883CC63E1B79F42300201CBB /* FilesViewController.swift */; };
		883CC6481B7AFE5800201CBB /* DatabaseController.swift in Sources */ = {isa = PBXBuildFile; fileRef = 883CC6471B7AFE5700201CBB /* DatabaseController.swift */; };
		88DC4B0C1B8B774E00422875 /* alter_v2.sql in Resources */ = {isa = PBXBuildFile; fileRef = 88DC4B021B8B774E00422875 /* alter_v2.sql */; };
		88DC4B0D1B8B774E00422875 /* alter_v3.sql in Resources */ = {isa = PBXBuildFile; fileRef = 88DC4B031B8B774E00422875 /* alter_v3.sql */; };
		88DC4B0E1B8B774E00422875 /* alter_v4.sql in Resources */ = {isa = PBXBuildFile; fileRef = 88DC4B041B8B774E00422875 /* alter_v4.sql */; };
		88DC4B0F1B8B774E00422875 /* alter_v5.sql in Resources */ = {isa = PBXBuildFile; fileRef = 88DC4B051B8B774E00422875 /* alter_v5.sql */; };
		88DC4B101B8B774E00422875 /* alter_v6.sql in Resources */ = {isa = PBXBuildFile; fileRef = 88DC4B061B8B774E00422875 /* alter_v6.sql */; };
		88DC4B111B8B774E00422875 /* alter_v7.sql in Resources */ = {isa = PBXBuildFile; fileRef = 88DC4B071B8B774E00422875 /* alter_v7.sql */; };
		88DC4B151B8B774E00422875 /* base_v1.sql in Resources */ = {isa = PBXBuildFile; fileRef = 88DC4B0B1B8B774E00422875 /* base_v1.sql */; };
		88DC4B1F1B8B78AE00422875 /* Brigade.swift in Sources */ = {isa = PBXBuildFile; fileRef = 88DC4B161B8B78AE00422875 /* Brigade.swift */; };
		88DC4B201B8B78AE00422875 /* BrigadeWorker.swift in Sources */ = {isa = PBXBuildFile; fileRef = 88DC4B171B8B78AE00422875 /* BrigadeWorker.swift */; };
		88DC4B211B8B78AE00422875 /* Job.swift in Sources */ = {isa = PBXBuildFile; fileRef = 88DC4B181B8B78AE00422875 /* Job.swift */; };
		88DC4B221B8B78AE00422875 /* JobPlan.swift in Sources */ = {isa = PBXBuildFile; fileRef = 88DC4B191B8B78AE00422875 /* JobPlan.swift */; };
		88DC4B231B8B78AE00422875 /* JobTechOp.swift in Sources */ = {isa = PBXBuildFile; fileRef = 88DC4B1A1B8B78AE00422875 /* JobTechOp.swift */; };
		88DC4B241B8B78AE00422875 /* JobTechOpPlan.swift in Sources */ = {isa = PBXBuildFile; fileRef = 88DC4B1B1B8B78AE00422875 /* JobTechOpPlan.swift */; };
		88DC4B251B8B78AE00422875 /* Skill.swift in Sources */ = {isa = PBXBuildFile; fileRef = 88DC4B1C1B8B78AE00422875 /* Skill.swift */; };
		88DC4B261B8B78AE00422875 /* TechOp.swift in Sources */ = {isa = PBXBuildFile; fileRef = 88DC4B1D1B8B78AE00422875 /* TechOp.swift */; };
		88DC4B271B8B78AE00422875 /* User.swift in Sources */ = {isa = PBXBuildFile; fileRef = 88DC4B1E1B8B78AE00422875 /* User.swift */; };
		88DC4B291B8B790200422875 /* APP.swift in Sources */ = {isa = PBXBuildFile; fileRef = 88DC4B281B8B790200422875 /* APP.swift */; };
		88DC4B7B1B8B7B9A00422875 /* UpgradeDatabase.plist in Resources */ = {isa = PBXBuildFile; fileRef = 88DC4B7A1B8B7B9A00422875 /* UpgradeDatabase.plist */; };
		88DC4B851B8B89C900422875 /* alter_v8.sql in Resources */ = {isa = PBXBuildFile; fileRef = 88DC4B821B8B89C900422875 /* alter_v8.sql */; };
		88DC4B861B8B89C900422875 /* alter_v9.sql in Resources */ = {isa = PBXBuildFile; fileRef = 88DC4B831B8B89C900422875 /* alter_v9.sql */; };
		88DC4B871B8B89C900422875 /* alter_v10.sql in Resources */ = {isa = PBXBuildFile; fileRef = 88DC4B841B8B89C900422875 /* alter_v10.sql */; };
		88DC4B8A1B8CB85400422875 /* vizirBase.db in Resources */ = {isa = PBXBuildFile; fileRef = 88DC4B891B8CB85400422875 /* vizirBase.db */; };
		88DC4B8C1B8CD07E00422875 /* JobReposit.swift in Sources */ = {isa = PBXBuildFile; fileRef = 88DC4B8B1B8CD07E00422875 /* JobReposit.swift */; };
		88DC4B8E1B8CD15E00422875 /* OperationHelper.swift in Sources */ = {isa = PBXBuildFile; fileRef = 88DC4B8D1B8CD15E00422875 /* OperationHelper.swift */; };
		88DCAFB41B81101D0036F69B /* UpgradeDatabase.plist in Resources */ = {isa = PBXBuildFile; fileRef = 88DCAFB31B81101D0036F69B /* UpgradeDatabase.plist */; };
		88DCB0351B81BD4F0036F69B /* Worker.swift in Sources */ = {isa = PBXBuildFile; fileRef = 88DCB0341B81BD4F0036F69B /* Worker.swift */; };
		88DCB0391B8254860036F69B /* DBAccess.framework in Frameworks */ = {isa = PBXBuildFile; fileRef = 88DCB0361B8254860036F69B /* DBAccess.framework */; };
		88DCB03D1B82FE260036F69B /* WorkerSkill.swift in Sources */ = {isa = PBXBuildFile; fileRef = 88DCB03C1B82FE260036F69B /* WorkerSkill.swift */; };
		88DE66711B748794004D7F15 /* AppDelegate.swift in Sources */ = {isa = PBXBuildFile; fileRef = 88DE66701B748794004D7F15 /* AppDelegate.swift */; };
		88DE66731B748794004D7F15 /* ViewController.swift in Sources */ = {isa = PBXBuildFile; fileRef = 88DE66721B748794004D7F15 /* ViewController.swift */; };
		88DE66761B748794004D7F15 /* Main.storyboard in Resources */ = {isa = PBXBuildFile; fileRef = 88DE66741B748794004D7F15 /* Main.storyboard */; };
		88DE66781B748794004D7F15 /* Images.xcassets in Resources */ = {isa = PBXBuildFile; fileRef = 88DE66771B748794004D7F15 /* Images.xcassets */; };
		88DE667B1B748794004D7F15 /* LaunchScreen.xib in Resources */ = {isa = PBXBuildFile; fileRef = 88DE66791B748794004D7F15 /* LaunchScreen.xib */; };
		88DE66871B748794004D7F15 /* AgentumTests.swift in Sources */ = {isa = PBXBuildFile; fileRef = 88DE66861B748794004D7F15 /* AgentumTests.swift */; };
		AB6220D45AB9DF91E6532C04 /* libPods-Agentum.a in Frameworks */ = {isa = PBXBuildFile; fileRef = 6E38F212FD2F2B7D9EF9079D /* libPods-Agentum.a */; };
/* End PBXBuildFile section */

/* Begin PBXContainerItemProxy section */
		88DE66811B748794004D7F15 /* PBXContainerItemProxy */ = {
			isa = PBXContainerItemProxy;
			containerPortal = 88DE66631B748794004D7F15 /* Project object */;
			proxyType = 1;
			remoteGlobalIDString = 88DE666A1B748794004D7F15;
			remoteInfo = Agentum;
		};
/* End PBXContainerItemProxy section */

/* Begin PBXFileReference section */
		4CD5C02C1B8D9EDA006E0390 /* NSDate+swift.swift */ = {isa = PBXFileReference; fileEncoding = 4; lastKnownFileType = sourcecode.swift; path = "NSDate+swift.swift"; sourceTree = "<group>"; };
		4CD5C0331B8DD01F006E0390 /* JobAdapterModel.swift */ = {isa = PBXFileReference; fileEncoding = 4; lastKnownFileType = sourcecode.swift; path = JobAdapterModel.swift; sourceTree = "<group>"; };
		4CD5C0341B8DD01F006E0390 /* JobPlanAdapterModel.swift */ = {isa = PBXFileReference; fileEncoding = 4; lastKnownFileType = sourcecode.swift; path = JobPlanAdapterModel.swift; sourceTree = "<group>"; };
		4CD5C0371B8DD038006E0390 /* CountTechOpsResponse.swift */ = {isa = PBXFileReference; fileEncoding = 4; lastKnownFileType = sourcecode.swift; path = CountTechOpsResponse.swift; sourceTree = "<group>"; };
		4CD5C0391B8EDB77006E0390 /* JobsViewController.swift */ = {isa = PBXFileReference; fileEncoding = 4; lastKnownFileType = sourcecode.swift; path = JobsViewController.swift; sourceTree = "<group>"; };
		4CD5C03B1B8F1454006E0390 /* CountFileResponse.swift */ = {isa = PBXFileReference; fileEncoding = 4; lastKnownFileType = sourcecode.swift; path = CountFileResponse.swift; sourceTree = "<group>"; };
		4CD5C03D1B8F4FD5006E0390 /* JobTechOpAdapterModel.swift */ = {isa = PBXFileReference; fileEncoding = 4; lastKnownFileType = sourcecode.swift; path = JobTechOpAdapterModel.swift; sourceTree = "<group>"; };
		4CE3C7571B8C3EC700D57841 /* AuthorizationViewController.swift */ = {isa = PBXFileReference; fileEncoding = 4; lastKnownFileType = sourcecode.swift; path = AuthorizationViewController.swift; sourceTree = "<group>"; };
		4CE3C7591B8C489700D57841 /* String+md5.swift */ = {isa = PBXFileReference; fileEncoding = 4; lastKnownFileType = sourcecode.swift; name = "String+md5.swift"; path = "../String+md5.swift"; sourceTree = "<group>"; };
		6E38F212FD2F2B7D9EF9079D /* libPods-Agentum.a */ = {isa = PBXFileReference; explicitFileType = archive.ar; includeInIndex = 0; path = "libPods-Agentum.a"; sourceTree = BUILT_PRODUCTS_DIR; };
		883CC60D1B74AF7700201CBB /* WorkCell.swift */ = {isa = PBXFileReference; fileEncoding = 4; lastKnownFileType = sourcecode.swift; path = WorkCell.swift; sourceTree = "<group>"; };
		883CC60F1B775B8100201CBB /* OperationsViewController.swift */ = {isa = PBXFileReference; fileEncoding = 4; lastKnownFileType = sourcecode.swift; path = OperationsViewController.swift; sourceTree = "<group>"; };
		883CC6111B7765A500201CBB /* WorkInfoViewController.swift */ = {isa = PBXFileReference; fileEncoding = 4; lastKnownFileType = sourcecode.swift; path = WorkInfoViewController.swift; sourceTree = "<group>"; };
		883CC6131B77CA6500201CBB /* OperationViewCell.swift */ = {isa = PBXFileReference; fileEncoding = 4; lastKnownFileType = sourcecode.swift; path = OperationViewCell.swift; sourceTree = "<group>"; };
		883CC62A1B79E96F00201CBB /* FMDatabase.h */ = {isa = PBXFileReference; fileEncoding = 4; lastKnownFileType = sourcecode.c.h; name = FMDatabase.h; path = ../Pods/FMDB/src/fmdb/FMDatabase.h; sourceTree = "<group>"; };
		883CC62B1B79E96F00201CBB /* FMDB.h */ = {isa = PBXFileReference; fileEncoding = 4; lastKnownFileType = sourcecode.c.h; name = FMDB.h; path = ../Pods/FMDB/src/fmdb/FMDB.h; sourceTree = "<group>"; };
		883CC62C1B79E96F00201CBB /* FMDatabase.m */ = {isa = PBXFileReference; fileEncoding = 4; lastKnownFileType = sourcecode.c.objc; name = FMDatabase.m; path = ../Pods/FMDB/src/fmdb/FMDatabase.m; sourceTree = "<group>"; };
		883CC62D1B79E96F00201CBB /* FMDatabaseAdditions.h */ = {isa = PBXFileReference; fileEncoding = 4; lastKnownFileType = sourcecode.c.h; name = FMDatabaseAdditions.h; path = ../Pods/FMDB/src/fmdb/FMDatabaseAdditions.h; sourceTree = "<group>"; };
		883CC62E1B79E96F00201CBB /* FMDatabaseAdditions.m */ = {isa = PBXFileReference; fileEncoding = 4; lastKnownFileType = sourcecode.c.objc; name = FMDatabaseAdditions.m; path = ../Pods/FMDB/src/fmdb/FMDatabaseAdditions.m; sourceTree = "<group>"; };
		883CC62F1B79E96F00201CBB /* FMDatabasePool.h */ = {isa = PBXFileReference; fileEncoding = 4; lastKnownFileType = sourcecode.c.h; name = FMDatabasePool.h; path = ../Pods/FMDB/src/fmdb/FMDatabasePool.h; sourceTree = "<group>"; };
		883CC6301B79E96F00201CBB /* FMDatabasePool.m */ = {isa = PBXFileReference; fileEncoding = 4; lastKnownFileType = sourcecode.c.objc; name = FMDatabasePool.m; path = ../Pods/FMDB/src/fmdb/FMDatabasePool.m; sourceTree = "<group>"; };
		883CC6311B79E96F00201CBB /* FMDatabaseQueue.h */ = {isa = PBXFileReference; fileEncoding = 4; lastKnownFileType = sourcecode.c.h; name = FMDatabaseQueue.h; path = ../Pods/FMDB/src/fmdb/FMDatabaseQueue.h; sourceTree = "<group>"; };
		883CC6321B79E96F00201CBB /* FMDatabaseQueue.m */ = {isa = PBXFileReference; fileEncoding = 4; lastKnownFileType = sourcecode.c.objc; name = FMDatabaseQueue.m; path = ../Pods/FMDB/src/fmdb/FMDatabaseQueue.m; sourceTree = "<group>"; };
		883CC6331B79E96F00201CBB /* FMResultSet.h */ = {isa = PBXFileReference; fileEncoding = 4; lastKnownFileType = sourcecode.c.h; name = FMResultSet.h; path = ../Pods/FMDB/src/fmdb/FMResultSet.h; sourceTree = "<group>"; };
		883CC6341B79E96F00201CBB /* FMResultSet.m */ = {isa = PBXFileReference; fileEncoding = 4; lastKnownFileType = sourcecode.c.objc; name = FMResultSet.m; path = ../Pods/FMDB/src/fmdb/FMResultSet.m; sourceTree = "<group>"; };
		883CC63B1B79ED3E00201CBB /* FMDB-Bridging-Header.h */ = {isa = PBXFileReference; fileEncoding = 4; lastKnownFileType = sourcecode.c.h; path = "FMDB-Bridging-Header.h"; sourceTree = "<group>"; };
		883CC63C1B79EDEA00201CBB /* libsqlite3.dylib */ = {isa = PBXFileReference; lastKnownFileType = "compiled.mach-o.dylib"; name = libsqlite3.dylib; path = usr/lib/libsqlite3.dylib; sourceTree = SDKROOT; };
		883CC63E1B79F42300201CBB /* FilesViewController.swift */ = {isa = PBXFileReference; fileEncoding = 4; lastKnownFileType = sourcecode.swift; path = FilesViewController.swift; sourceTree = "<group>"; };
		883CC6471B7AFE5700201CBB /* DatabaseController.swift */ = {isa = PBXFileReference; fileEncoding = 4; lastKnownFileType = sourcecode.swift; path = DatabaseController.swift; sourceTree = "<group>"; };
		88DC4B021B8B774E00422875 /* alter_v2.sql */ = {isa = PBXFileReference; fileEncoding = 4; lastKnownFileType = text; path = alter_v2.sql; sourceTree = "<group>"; };
		88DC4B031B8B774E00422875 /* alter_v3.sql */ = {isa = PBXFileReference; fileEncoding = 4; lastKnownFileType = text; path = alter_v3.sql; sourceTree = "<group>"; };
		88DC4B041B8B774E00422875 /* alter_v4.sql */ = {isa = PBXFileReference; fileEncoding = 4; lastKnownFileType = text; path = alter_v4.sql; sourceTree = "<group>"; };
		88DC4B051B8B774E00422875 /* alter_v5.sql */ = {isa = PBXFileReference; fileEncoding = 4; lastKnownFileType = text; path = alter_v5.sql; sourceTree = "<group>"; };
		88DC4B061B8B774E00422875 /* alter_v6.sql */ = {isa = PBXFileReference; fileEncoding = 4; lastKnownFileType = text; path = alter_v6.sql; sourceTree = "<group>"; };
		88DC4B071B8B774E00422875 /* alter_v7.sql */ = {isa = PBXFileReference; fileEncoding = 4; lastKnownFileType = text; path = alter_v7.sql; sourceTree = "<group>"; };
		88DC4B0B1B8B774E00422875 /* base_v1.sql */ = {isa = PBXFileReference; fileEncoding = 4; lastKnownFileType = text; path = base_v1.sql; sourceTree = "<group>"; };
		88DC4B161B8B78AE00422875 /* Brigade.swift */ = {isa = PBXFileReference; fileEncoding = 4; lastKnownFileType = sourcecode.swift; path = Brigade.swift; sourceTree = "<group>"; };
		88DC4B171B8B78AE00422875 /* BrigadeWorker.swift */ = {isa = PBXFileReference; fileEncoding = 4; lastKnownFileType = sourcecode.swift; path = BrigadeWorker.swift; sourceTree = "<group>"; };
		88DC4B181B8B78AE00422875 /* Job.swift */ = {isa = PBXFileReference; fileEncoding = 4; lastKnownFileType = sourcecode.swift; path = Job.swift; sourceTree = "<group>"; };
		88DC4B191B8B78AE00422875 /* JobPlan.swift */ = {isa = PBXFileReference; fileEncoding = 4; lastKnownFileType = sourcecode.swift; path = JobPlan.swift; sourceTree = "<group>"; };
		88DC4B1A1B8B78AE00422875 /* JobTechOp.swift */ = {isa = PBXFileReference; fileEncoding = 4; lastKnownFileType = sourcecode.swift; path = JobTechOp.swift; sourceTree = "<group>"; };
		88DC4B1B1B8B78AE00422875 /* JobTechOpPlan.swift */ = {isa = PBXFileReference; fileEncoding = 4; lastKnownFileType = sourcecode.swift; path = JobTechOpPlan.swift; sourceTree = "<group>"; };
		88DC4B1C1B8B78AE00422875 /* Skill.swift */ = {isa = PBXFileReference; fileEncoding = 4; lastKnownFileType = sourcecode.swift; path = Skill.swift; sourceTree = "<group>"; };
		88DC4B1D1B8B78AE00422875 /* TechOp.swift */ = {isa = PBXFileReference; fileEncoding = 4; lastKnownFileType = sourcecode.swift; path = TechOp.swift; sourceTree = "<group>"; };
		88DC4B1E1B8B78AE00422875 /* User.swift */ = {isa = PBXFileReference; fileEncoding = 4; lastKnownFileType = sourcecode.swift; path = User.swift; sourceTree = "<group>"; };
		88DC4B281B8B790200422875 /* APP.swift */ = {isa = PBXFileReference; fileEncoding = 4; lastKnownFileType = sourcecode.swift; path = APP.swift; sourceTree = "<group>"; };
		88DC4B7A1B8B7B9A00422875 /* UpgradeDatabase.plist */ = {isa = PBXFileReference; fileEncoding = 4; lastKnownFileType = text.plist.xml; path = UpgradeDatabase.plist; sourceTree = "<group>"; };
		88DC4B821B8B89C900422875 /* alter_v8.sql */ = {isa = PBXFileReference; fileEncoding = 4; lastKnownFileType = text; path = alter_v8.sql; sourceTree = "<group>"; };
		88DC4B831B8B89C900422875 /* alter_v9.sql */ = {isa = PBXFileReference; fileEncoding = 4; lastKnownFileType = text; path = alter_v9.sql; sourceTree = "<group>"; };
		88DC4B841B8B89C900422875 /* alter_v10.sql */ = {isa = PBXFileReference; fileEncoding = 4; lastKnownFileType = text; path = alter_v10.sql; sourceTree = "<group>"; };
		88DC4B891B8CB85400422875 /* vizirBase.db */ = {isa = PBXFileReference; lastKnownFileType = file; path = vizirBase.db; sourceTree = "<group>"; };
		88DC4B8B1B8CD07E00422875 /* JobReposit.swift */ = {isa = PBXFileReference; fileEncoding = 4; lastKnownFileType = sourcecode.swift; path = JobReposit.swift; sourceTree = "<group>"; };
		88DC4B8D1B8CD15E00422875 /* OperationHelper.swift */ = {isa = PBXFileReference; fileEncoding = 4; lastKnownFileType = sourcecode.swift; path = OperationHelper.swift; sourceTree = "<group>"; };
		88DCAFB31B81101D0036F69B /* UpgradeDatabase.plist */ = {isa = PBXFileReference; fileEncoding = 4; lastKnownFileType = text.plist.xml; path = UpgradeDatabase.plist; sourceTree = "<group>"; };
		88DCB0341B81BD4F0036F69B /* Worker.swift */ = {isa = PBXFileReference; fileEncoding = 4; lastKnownFileType = sourcecode.swift; path = Worker.swift; sourceTree = "<group>"; };
		88DCB0361B8254860036F69B /* DBAccess.framework */ = {isa = PBXFileReference; lastKnownFileType = wrapper.framework; path = DBAccess.framework; sourceTree = "<group>"; };
		88DCB03B1B82573D0036F69B /* DBAccess.h */ = {isa = PBXFileReference; lastKnownFileType = sourcecode.c.h; name = DBAccess.h; path = DBAccess.framework/Headers/DBAccess.h; sourceTree = "<group>"; };
		88DCB03C1B82FE260036F69B /* WorkerSkill.swift */ = {isa = PBXFileReference; fileEncoding = 4; lastKnownFileType = sourcecode.swift; path = WorkerSkill.swift; sourceTree = "<group>"; };
		88DE666B1B748794004D7F15 /* Agentum.app */ = {isa = PBXFileReference; explicitFileType = wrapper.application; includeInIndex = 0; path = Agentum.app; sourceTree = BUILT_PRODUCTS_DIR; };
		88DE666F1B748794004D7F15 /* Info.plist */ = {isa = PBXFileReference; lastKnownFileType = text.plist.xml; path = Info.plist; sourceTree = "<group>"; };
		88DE66701B748794004D7F15 /* AppDelegate.swift */ = {isa = PBXFileReference; lastKnownFileType = sourcecode.swift; path = AppDelegate.swift; sourceTree = "<group>"; };
		88DE66721B748794004D7F15 /* ViewController.swift */ = {isa = PBXFileReference; lastKnownFileType = sourcecode.swift; path = ViewController.swift; sourceTree = "<group>"; };
		88DE66751B748794004D7F15 /* Base */ = {isa = PBXFileReference; lastKnownFileType = file.storyboard; name = Base; path = Base.lproj/Main.storyboard; sourceTree = "<group>"; };
		88DE66771B748794004D7F15 /* Images.xcassets */ = {isa = PBXFileReference; lastKnownFileType = folder.assetcatalog; path = Images.xcassets; sourceTree = "<group>"; };
		88DE667A1B748794004D7F15 /* Base */ = {isa = PBXFileReference; lastKnownFileType = file.xib; name = Base; path = Base.lproj/LaunchScreen.xib; sourceTree = "<group>"; };
		88DE66801B748794004D7F15 /* AgentumTests.xctest */ = {isa = PBXFileReference; explicitFileType = wrapper.cfbundle; includeInIndex = 0; path = AgentumTests.xctest; sourceTree = BUILT_PRODUCTS_DIR; };
		88DE66851B748794004D7F15 /* Info.plist */ = {isa = PBXFileReference; lastKnownFileType = text.plist.xml; path = Info.plist; sourceTree = "<group>"; };
		88DE66861B748794004D7F15 /* AgentumTests.swift */ = {isa = PBXFileReference; lastKnownFileType = sourcecode.swift; path = AgentumTests.swift; sourceTree = "<group>"; };
		D93FF55E79FE20D4246BCE05 /* Pods-Agentum.debug.xcconfig */ = {isa = PBXFileReference; includeInIndex = 1; lastKnownFileType = text.xcconfig; name = "Pods-Agentum.debug.xcconfig"; path = "Pods/Target Support Files/Pods-Agentum/Pods-Agentum.debug.xcconfig"; sourceTree = "<group>"; };
		E28C22C97AA06C60C0DB5E55 /* Pods-Agentum.release.xcconfig */ = {isa = PBXFileReference; includeInIndex = 1; lastKnownFileType = text.xcconfig; name = "Pods-Agentum.release.xcconfig"; path = "Pods/Target Support Files/Pods-Agentum/Pods-Agentum.release.xcconfig"; sourceTree = "<group>"; };
/* End PBXFileReference section */

/* Begin PBXFrameworksBuildPhase section */
		88DE66681B748794004D7F15 /* Frameworks */ = {
			isa = PBXFrameworksBuildPhase;
			buildActionMask = 2147483647;
			files = (
				88DCB0391B8254860036F69B /* DBAccess.framework in Frameworks */,
				883CC63D1B79EDEA00201CBB /* libsqlite3.dylib in Frameworks */,
				AB6220D45AB9DF91E6532C04 /* libPods-Agentum.a in Frameworks */,
			);
			runOnlyForDeploymentPostprocessing = 0;
		};
		88DE667D1B748794004D7F15 /* Frameworks */ = {
			isa = PBXFrameworksBuildPhase;
			buildActionMask = 2147483647;
			files = (
			);
			runOnlyForDeploymentPostprocessing = 0;
		};
/* End PBXFrameworksBuildPhase section */

/* Begin PBXGroup section */
		4CD5C02B1B8D9E26006E0390 /* Extensions */ = {
			isa = PBXGroup;
			children = (
				4CE3C7591B8C489700D57841 /* String+md5.swift */,
				4CD5C02C1B8D9EDA006E0390 /* NSDate+swift.swift */,
			);
			path = Extensions;
			sourceTree = "<group>";
		};
		4CD5C0321B8DCFBF006E0390 /* Help Entities */ = {
			isa = PBXGroup;
			children = (
				4CD5C0331B8DD01F006E0390 /* JobAdapterModel.swift */,
				4CD5C0341B8DD01F006E0390 /* JobPlanAdapterModel.swift */,
				4CD5C0371B8DD038006E0390 /* CountTechOpsResponse.swift */,
				4CD5C03B1B8F1454006E0390 /* CountFileResponse.swift */,
				4CD5C03D1B8F4FD5006E0390 /* JobTechOpAdapterModel.swift */,
			);
			path = "Help Entities";
			sourceTree = "<group>";
		};
		51923DCDAD2C824E0C5A171A /* Frameworks */ = {
			isa = PBXGroup;
			children = (
				883CC63C1B79EDEA00201CBB /* libsqlite3.dylib */,
				6E38F212FD2F2B7D9EF9079D /* libPods-Agentum.a */,
			);
			name = Frameworks;
			sourceTree = "<group>";
		};
		883CC60C1B74AF6C00201CBB /* Cells */ = {
			isa = PBXGroup;
			children = (
				883CC60D1B74AF7700201CBB /* WorkCell.swift */,
				883CC6131B77CA6500201CBB /* OperationViewCell.swift */,
			);
			path = Cells;
			sourceTree = "<group>";
		};
		883CC6281B79E94E00201CBB /* src */ = {
			isa = PBXGroup;
			children = (
				88DCB0381B8254860036F69B /* DBAccess */,
				883CC6291B79E95600201CBB /* FMDB */,
			);
			name = src;
			sourceTree = "<group>";
		};
		883CC6291B79E95600201CBB /* FMDB */ = {
			isa = PBXGroup;
			children = (
				883CC62A1B79E96F00201CBB /* FMDatabase.h */,
				883CC62B1B79E96F00201CBB /* FMDB.h */,
				883CC62C1B79E96F00201CBB /* FMDatabase.m */,
				883CC62D1B79E96F00201CBB /* FMDatabaseAdditions.h */,
				883CC62E1B79E96F00201CBB /* FMDatabaseAdditions.m */,
				883CC62F1B79E96F00201CBB /* FMDatabasePool.h */,
				883CC6301B79E96F00201CBB /* FMDatabasePool.m */,
				883CC6311B79E96F00201CBB /* FMDatabaseQueue.h */,
				883CC6321B79E96F00201CBB /* FMDatabaseQueue.m */,
				883CC6331B79E96F00201CBB /* FMResultSet.h */,
				883CC6341B79E96F00201CBB /* FMResultSet.m */,
			);
			name = FMDB;
			sourceTree = "<group>";
		};
		883CC6441B79FA7100201CBB /* Resources */ = {
			isa = PBXGroup;
			children = (
				88DC4B891B8CB85400422875 /* vizirBase.db */,
				88DC4B821B8B89C900422875 /* alter_v8.sql */,
				88DC4B831B8B89C900422875 /* alter_v9.sql */,
				88DC4B841B8B89C900422875 /* alter_v10.sql */,
				88DC4B021B8B774E00422875 /* alter_v2.sql */,
				88DC4B031B8B774E00422875 /* alter_v3.sql */,
				88DC4B041B8B774E00422875 /* alter_v4.sql */,
				88DC4B051B8B774E00422875 /* alter_v5.sql */,
				88DC4B061B8B774E00422875 /* alter_v6.sql */,
				88DC4B071B8B774E00422875 /* alter_v7.sql */,
				88DC4B0B1B8B774E00422875 /* base_v1.sql */,
			);
			path = Resources;
			sourceTree = "<group>";
		};
		883CC6461B7AFE2100201CBB /* Support Classes */ = {
			isa = PBXGroup;
			children = (
				88DC4B281B8B790200422875 /* APP.swift */,
				883CC6471B7AFE5700201CBB /* DatabaseController.swift */,
				88DC4B8B1B8CD07E00422875 /* JobReposit.swift */,
				88DC4B8D1B8CD15E00422875 /* OperationHelper.swift */,
			);
			path = "Support Classes";
			sourceTree = "<group>";
		};
		88DCB0371B8254860036F69B /* Frameworks */ = {
			isa = PBXGroup;
			children = (
				88DCB03B1B82573D0036F69B /* DBAccess.h */,
				88DCB0361B8254860036F69B /* DBAccess.framework */,
			);
			name = Frameworks;
			sourceTree = "<group>";
		};
		88DCB0381B8254860036F69B /* DBAccess */ = {
			isa = PBXGroup;
			children = (
				88DCB0371B8254860036F69B /* Frameworks */,
			);
			name = DBAccess;
			path = ../Pods/DBAccess;
			sourceTree = "<group>";
		};
		88DCB03A1B8254BE0036F69B /* Entities */ = {
			isa = PBXGroup;
			children = (
				88DC4B161B8B78AE00422875 /* Brigade.swift */,
				88DC4B171B8B78AE00422875 /* BrigadeWorker.swift */,
				88DC4B181B8B78AE00422875 /* Job.swift */,
				88DC4B191B8B78AE00422875 /* JobPlan.swift */,
				88DC4B1A1B8B78AE00422875 /* JobTechOp.swift */,
				88DC4B1B1B8B78AE00422875 /* JobTechOpPlan.swift */,
				88DC4B1C1B8B78AE00422875 /* Skill.swift */,
				88DC4B1D1B8B78AE00422875 /* TechOp.swift */,
				88DC4B1E1B8B78AE00422875 /* User.swift */,
				88DCB0341B81BD4F0036F69B /* Worker.swift */,
				88DCB03C1B82FE260036F69B /* WorkerSkill.swift */,
			);
			path = Entities;
			sourceTree = "<group>";
		};
		88DE66621B748794004D7F15 = {
			isa = PBXGroup;
			children = (
				88DE666D1B748794004D7F15 /* Agentum */,
				88DE66831B748794004D7F15 /* AgentumTests */,
				88DE666C1B748794004D7F15 /* Products */,
				F1FB5578E04D5B01C30F4BA3 /* Pods */,
				51923DCDAD2C824E0C5A171A /* Frameworks */,
			);
			sourceTree = "<group>";
		};
		88DE666C1B748794004D7F15 /* Products */ = {
			isa = PBXGroup;
			children = (
				88DE666B1B748794004D7F15 /* Agentum.app */,
				88DE66801B748794004D7F15 /* AgentumTests.xctest */,
			);
			name = Products;
			sourceTree = "<group>";
		};
		88DE666D1B748794004D7F15 /* Agentum */ = {
			isa = PBXGroup;
			children = (
				4CD5C0321B8DCFBF006E0390 /* Help Entities */,
				4CD5C02B1B8D9E26006E0390 /* Extensions */,
				88DC4B7A1B8B7B9A00422875 /* UpgradeDatabase.plist */,
				88DCB03A1B8254BE0036F69B /* Entities */,
				883CC6461B7AFE2100201CBB /* Support Classes */,
				883CC6441B79FA7100201CBB /* Resources */,
				883CC6281B79E94E00201CBB /* src */,
				883CC60C1B74AF6C00201CBB /* Cells */,
				88DE66701B748794004D7F15 /* AppDelegate.swift */,
				4CD5C0391B8EDB77006E0390 /* JobsViewController.swift */,
				4CE3C7571B8C3EC700D57841 /* AuthorizationViewController.swift */,
				88DE66721B748794004D7F15 /* ViewController.swift */,
				883CC6111B7765A500201CBB /* WorkInfoViewController.swift */,
				883CC60F1B775B8100201CBB /* OperationsViewController.swift */,
				883CC63E1B79F42300201CBB /* FilesViewController.swift */,
				88DE66741B748794004D7F15 /* Main.storyboard */,
				88DE66771B748794004D7F15 /* Images.xcassets */,
				88DE66791B748794004D7F15 /* LaunchScreen.xib */,
				88DE666E1B748794004D7F15 /* Supporting Files */,
				883CC63B1B79ED3E00201CBB /* FMDB-Bridging-Header.h */,
			);
			path = Agentum;
			sourceTree = "<group>";
		};
		88DE666E1B748794004D7F15 /* Supporting Files */ = {
			isa = PBXGroup;
			children = (
				88DE666F1B748794004D7F15 /* Info.plist */,
				88DCAFB31B81101D0036F69B /* UpgradeDatabase.plist */,
			);
			name = "Supporting Files";
			sourceTree = "<group>";
		};
		88DE66831B748794004D7F15 /* AgentumTests */ = {
			isa = PBXGroup;
			children = (
				88DE66861B748794004D7F15 /* AgentumTests.swift */,
				88DE66841B748794004D7F15 /* Supporting Files */,
			);
			path = AgentumTests;
			sourceTree = "<group>";
		};
		88DE66841B748794004D7F15 /* Supporting Files */ = {
			isa = PBXGroup;
			children = (
				88DE66851B748794004D7F15 /* Info.plist */,
			);
			name = "Supporting Files";
			sourceTree = "<group>";
		};
		F1FB5578E04D5B01C30F4BA3 /* Pods */ = {
			isa = PBXGroup;
			children = (
				D93FF55E79FE20D4246BCE05 /* Pods-Agentum.debug.xcconfig */,
				E28C22C97AA06C60C0DB5E55 /* Pods-Agentum.release.xcconfig */,
			);
			name = Pods;
			sourceTree = "<group>";
		};
/* End PBXGroup section */

/* Begin PBXNativeTarget section */
		88DE666A1B748794004D7F15 /* Agentum */ = {
			isa = PBXNativeTarget;
			buildConfigurationList = 88DE668A1B748794004D7F15 /* Build configuration list for PBXNativeTarget "Agentum" */;
			buildPhases = (
				747EE43D573C1B94ABFDD665 /* Check Pods Manifest.lock */,
				88DE66671B748794004D7F15 /* Sources */,
				88DE66681B748794004D7F15 /* Frameworks */,
				88DE66691B748794004D7F15 /* Resources */,
				03293A7B732FCD66D9CF7577 /* Copy Pods Resources */,
			);
			buildRules = (
			);
			dependencies = (
			);
			name = Agentum;
			productName = Agentum;
			productReference = 88DE666B1B748794004D7F15 /* Agentum.app */;
			productType = "com.apple.product-type.application";
		};
		88DE667F1B748794004D7F15 /* AgentumTests */ = {
			isa = PBXNativeTarget;
			buildConfigurationList = 88DE668D1B748794004D7F15 /* Build configuration list for PBXNativeTarget "AgentumTests" */;
			buildPhases = (
				88DE667C1B748794004D7F15 /* Sources */,
				88DE667D1B748794004D7F15 /* Frameworks */,
				88DE667E1B748794004D7F15 /* Resources */,
			);
			buildRules = (
			);
			dependencies = (
				88DE66821B748794004D7F15 /* PBXTargetDependency */,
			);
			name = AgentumTests;
			productName = AgentumTests;
			productReference = 88DE66801B748794004D7F15 /* AgentumTests.xctest */;
			productType = "com.apple.product-type.bundle.unit-test";
		};
/* End PBXNativeTarget section */

/* Begin PBXProject section */
		88DE66631B748794004D7F15 /* Project object */ = {
			isa = PBXProject;
			attributes = {
				LastUpgradeCheck = 0640;
				TargetAttributes = {
					88DE666A1B748794004D7F15 = {
						CreatedOnToolsVersion = 6.4;
					};
					88DE667F1B748794004D7F15 = {
						CreatedOnToolsVersion = 6.4;
						TestTargetID = 88DE666A1B748794004D7F15;
					};
				};
			};
			buildConfigurationList = 88DE66661B748794004D7F15 /* Build configuration list for PBXProject "Agentum" */;
			compatibilityVersion = "Xcode 3.2";
			developmentRegion = English;
			hasScannedForEncodings = 0;
			knownRegions = (
				en,
				Base,
			);
			mainGroup = 88DE66621B748794004D7F15;
			productRefGroup = 88DE666C1B748794004D7F15 /* Products */;
			projectDirPath = "";
			projectRoot = "";
			targets = (
				88DE666A1B748794004D7F15 /* Agentum */,
				88DE667F1B748794004D7F15 /* AgentumTests */,
			);
		};
/* End PBXProject section */

/* Begin PBXResourcesBuildPhase section */
		88DE66691B748794004D7F15 /* Resources */ = {
			isa = PBXResourcesBuildPhase;
			buildActionMask = 2147483647;
			files = (
				88DCAFB41B81101D0036F69B /* UpgradeDatabase.plist in Resources */,
				88DC4B851B8B89C900422875 /* alter_v8.sql in Resources */,
				88DC4B0D1B8B774E00422875 /* alter_v3.sql in Resources */,
				88DE66761B748794004D7F15 /* Main.storyboard in Resources */,
				88DC4B861B8B89C900422875 /* alter_v9.sql in Resources */,
				88DC4B0F1B8B774E00422875 /* alter_v5.sql in Resources */,
				88DC4B0E1B8B774E00422875 /* alter_v4.sql in Resources */,
				88DE667B1B748794004D7F15 /* LaunchScreen.xib in Resources */,
				88DC4B0C1B8B774E00422875 /* alter_v2.sql in Resources */,
				88DC4B151B8B774E00422875 /* base_v1.sql in Resources */,
				88DC4B101B8B774E00422875 /* alter_v6.sql in Resources */,
				88DC4B7B1B8B7B9A00422875 /* UpgradeDatabase.plist in Resources */,
				88DC4B111B8B774E00422875 /* alter_v7.sql in Resources */,
				88DC4B871B8B89C900422875 /* alter_v10.sql in Resources */,
				88DE66781B748794004D7F15 /* Images.xcassets in Resources */,
				88DC4B8A1B8CB85400422875 /* vizirBase.db in Resources */,
			);
			runOnlyForDeploymentPostprocessing = 0;
		};
		88DE667E1B748794004D7F15 /* Resources */ = {
			isa = PBXResourcesBuildPhase;
			buildActionMask = 2147483647;
			files = (
			);
			runOnlyForDeploymentPostprocessing = 0;
		};
/* End PBXResourcesBuildPhase section */

/* Begin PBXShellScriptBuildPhase section */
		03293A7B732FCD66D9CF7577 /* Copy Pods Resources */ = {
			isa = PBXShellScriptBuildPhase;
			buildActionMask = 2147483647;
			files = (
			);
			inputPaths = (
			);
			name = "Copy Pods Resources";
			outputPaths = (
			);
			runOnlyForDeploymentPostprocessing = 0;
			shellPath = /bin/sh;
			shellScript = "\"${SRCROOT}/Pods/Target Support Files/Pods-Agentum/Pods-Agentum-resources.sh\"\n";
			showEnvVarsInLog = 0;
		};
		747EE43D573C1B94ABFDD665 /* Check Pods Manifest.lock */ = {
			isa = PBXShellScriptBuildPhase;
			buildActionMask = 2147483647;
			files = (
			);
			inputPaths = (
			);
			name = "Check Pods Manifest.lock";
			outputPaths = (
			);
			runOnlyForDeploymentPostprocessing = 0;
			shellPath = /bin/sh;
			shellScript = "diff \"${PODS_ROOT}/../Podfile.lock\" \"${PODS_ROOT}/Manifest.lock\" > /dev/null\nif [[ $? != 0 ]] ; then\n    cat << EOM\nerror: The sandbox is not in sync with the Podfile.lock. Run 'pod install' or update your CocoaPods installation.\nEOM\n    exit 1\nfi\n";
			showEnvVarsInLog = 0;
		};
/* End PBXShellScriptBuildPhase section */

/* Begin PBXSourcesBuildPhase section */
		88DE66671B748794004D7F15 /* Sources */ = {
			isa = PBXSourcesBuildPhase;
			buildActionMask = 2147483647;
			files = (
				4CE3C7581B8C3EC700D57841 /* AuthorizationViewController.swift in Sources */,
				883CC60E1B74AF7700201CBB /* WorkCell.swift in Sources */,
				88DE66731B748794004D7F15 /* ViewController.swift in Sources */,
				883CC6101B775B8100201CBB /* OperationsViewController.swift in Sources */,
				88DC4B1F1B8B78AE00422875 /* Brigade.swift in Sources */,
				88DC4B201B8B78AE00422875 /* BrigadeWorker.swift in Sources */,
				88DC4B231B8B78AE00422875 /* JobTechOp.swift in Sources */,
				4CD5C0381B8DD038006E0390 /* CountTechOpsResponse.swift in Sources */,
				88DE66711B748794004D7F15 /* AppDelegate.swift in Sources */,
				88DC4B241B8B78AE00422875 /* JobTechOpPlan.swift in Sources */,
				88DCB03D1B82FE260036F69B /* WorkerSkill.swift in Sources */,
				88DC4B8E1B8CD15E00422875 /* OperationHelper.swift in Sources */,
				88DC4B261B8B78AE00422875 /* TechOp.swift in Sources */,
				88DCB0351B81BD4F0036F69B /* Worker.swift in Sources */,
				88DC4B211B8B78AE00422875 /* Job.swift in Sources */,
				88DC4B221B8B78AE00422875 /* JobPlan.swift in Sources */,
				88DC4B8C1B8CD07E00422875 /* JobReposit.swift in Sources */,
				4CE3C75A1B8C489700D57841 /* String+md5.swift in Sources */,
				88DC4B251B8B78AE00422875 /* Skill.swift in Sources */,
				883CC6361B79E96F00201CBB /* FMDatabaseAdditions.m in Sources */,
				88DC4B271B8B78AE00422875 /* User.swift in Sources */,
				883CC6481B7AFE5800201CBB /* DatabaseController.swift in Sources */,
				4CD5C03E1B8F4FD5006E0390 /* JobTechOpAdapterModel.swift in Sources */,
				883CC63F1B79F42300201CBB /* FilesViewController.swift in Sources */,
				883CC6391B79E96F00201CBB /* FMResultSet.m in Sources */,
				883CC6121B7765A500201CBB /* WorkInfoViewController.swift in Sources */,
				88DC4B291B8B790200422875 /* APP.swift in Sources */,
				883CC6371B79E96F00201CBB /* FMDatabasePool.m in Sources */,
				4CD5C02D1B8D9EDA006E0390 /* NSDate+swift.swift in Sources */,
				883CC6381B79E96F00201CBB /* FMDatabaseQueue.m in Sources */,
				4CD5C0361B8DD01F006E0390 /* JobPlanAdapterModel.swift in Sources */,
				4CD5C0351B8DD01F006E0390 /* JobAdapterModel.swift in Sources */,
				883CC6141B77CA6500201CBB /* OperationViewCell.swift in Sources */,
				4CD5C03A1B8EDB77006E0390 /* JobsViewController.swift in Sources */,
				883CC6351B79E96F00201CBB /* FMDatabase.m in Sources */,
				4CD5C03C1B8F1454006E0390 /* CountFileResponse.swift in Sources */,
			);
			runOnlyForDeploymentPostprocessing = 0;
		};
		88DE667C1B748794004D7F15 /* Sources */ = {
			isa = PBXSourcesBuildPhase;
			buildActionMask = 2147483647;
			files = (
				88DE66871B748794004D7F15 /* AgentumTests.swift in Sources */,
			);
			runOnlyForDeploymentPostprocessing = 0;
		};
/* End PBXSourcesBuildPhase section */

/* Begin PBXTargetDependency section */
		88DE66821B748794004D7F15 /* PBXTargetDependency */ = {
			isa = PBXTargetDependency;
			target = 88DE666A1B748794004D7F15 /* Agentum */;
			targetProxy = 88DE66811B748794004D7F15 /* PBXContainerItemProxy */;
		};
/* End PBXTargetDependency section */

/* Begin PBXVariantGroup section */
		88DE66741B748794004D7F15 /* Main.storyboard */ = {
			isa = PBXVariantGroup;
			children = (
				88DE66751B748794004D7F15 /* Base */,
			);
			name = Main.storyboard;
			sourceTree = "<group>";
		};
		88DE66791B748794004D7F15 /* LaunchScreen.xib */ = {
			isa = PBXVariantGroup;
			children = (
				88DE667A1B748794004D7F15 /* Base */,
			);
			name = LaunchScreen.xib;
			sourceTree = "<group>";
		};
/* End PBXVariantGroup section */

/* Begin XCBuildConfiguration section */
		88DE66881B748794004D7F15 /* Debug */ = {
			isa = XCBuildConfiguration;
			buildSettings = {
				ALWAYS_SEARCH_USER_PATHS = NO;
				CLANG_CXX_LANGUAGE_STANDARD = "gnu++0x";
				CLANG_CXX_LIBRARY = "libc++";
				CLANG_ENABLE_MODULES = YES;
				CLANG_ENABLE_OBJC_ARC = YES;
				CLANG_WARN_BOOL_CONVERSION = YES;
				CLANG_WARN_CONSTANT_CONVERSION = YES;
				CLANG_WARN_DIRECT_OBJC_ISA_USAGE = YES_ERROR;
				CLANG_WARN_EMPTY_BODY = YES;
				CLANG_WARN_ENUM_CONVERSION = YES;
				CLANG_WARN_INT_CONVERSION = YES;
				CLANG_WARN_OBJC_ROOT_CLASS = YES_ERROR;
				CLANG_WARN_UNREACHABLE_CODE = YES;
				CLANG_WARN__DUPLICATE_METHOD_MATCH = YES;
				"CODE_SIGN_IDENTITY[sdk=iphoneos*]" = "iPhone Developer";
				COPY_PHASE_STRIP = NO;
				DEBUG_INFORMATION_FORMAT = "dwarf-with-dsym";
				ENABLE_STRICT_OBJC_MSGSEND = YES;
				GCC_C_LANGUAGE_STANDARD = gnu99;
				GCC_DYNAMIC_NO_PIC = NO;
				GCC_NO_COMMON_BLOCKS = YES;
				GCC_OPTIMIZATION_LEVEL = 0;
				GCC_PREPROCESSOR_DEFINITIONS = (
					"DEBUG=1",
					"$(inherited)",
				);
				GCC_SYMBOLS_PRIVATE_EXTERN = NO;
				GCC_WARN_64_TO_32_BIT_CONVERSION = YES;
				GCC_WARN_ABOUT_RETURN_TYPE = YES_ERROR;
				GCC_WARN_UNDECLARED_SELECTOR = YES;
				GCC_WARN_UNINITIALIZED_AUTOS = YES_AGGRESSIVE;
				GCC_WARN_UNUSED_FUNCTION = YES;
				GCC_WARN_UNUSED_VARIABLE = YES;
				IPHONEOS_DEPLOYMENT_TARGET = 8.4;
				MTL_ENABLE_DEBUG_INFO = YES;
				ONLY_ACTIVE_ARCH = YES;
				SDKROOT = iphoneos;
				SWIFT_OBJC_BRIDGING_HEADER = "Agentum/FMDB-Bridging-Header.h";
				SWIFT_OPTIMIZATION_LEVEL = "-Onone";
			};
			name = Debug;
		};
		88DE66891B748794004D7F15 /* Release */ = {
			isa = XCBuildConfiguration;
			buildSettings = {
				ALWAYS_SEARCH_USER_PATHS = NO;
				CLANG_CXX_LANGUAGE_STANDARD = "gnu++0x";
				CLANG_CXX_LIBRARY = "libc++";
				CLANG_ENABLE_MODULES = YES;
				CLANG_ENABLE_OBJC_ARC = YES;
				CLANG_WARN_BOOL_CONVERSION = YES;
				CLANG_WARN_CONSTANT_CONVERSION = YES;
				CLANG_WARN_DIRECT_OBJC_ISA_USAGE = YES_ERROR;
				CLANG_WARN_EMPTY_BODY = YES;
				CLANG_WARN_ENUM_CONVERSION = YES;
				CLANG_WARN_INT_CONVERSION = YES;
				CLANG_WARN_OBJC_ROOT_CLASS = YES_ERROR;
				CLANG_WARN_UNREACHABLE_CODE = YES;
				CLANG_WARN__DUPLICATE_METHOD_MATCH = YES;
				"CODE_SIGN_IDENTITY[sdk=iphoneos*]" = "iPhone Developer";
				COPY_PHASE_STRIP = NO;
				DEBUG_INFORMATION_FORMAT = "dwarf-with-dsym";
				ENABLE_NS_ASSERTIONS = NO;
				ENABLE_STRICT_OBJC_MSGSEND = YES;
				GCC_C_LANGUAGE_STANDARD = gnu99;
				GCC_NO_COMMON_BLOCKS = YES;
				GCC_WARN_64_TO_32_BIT_CONVERSION = YES;
				GCC_WARN_ABOUT_RETURN_TYPE = YES_ERROR;
				GCC_WARN_UNDECLARED_SELECTOR = YES;
				GCC_WARN_UNINITIALIZED_AUTOS = YES_AGGRESSIVE;
				GCC_WARN_UNUSED_FUNCTION = YES;
				GCC_WARN_UNUSED_VARIABLE = YES;
				IPHONEOS_DEPLOYMENT_TARGET = 8.4;
				MTL_ENABLE_DEBUG_INFO = NO;
				SDKROOT = iphoneos;
				SWIFT_OBJC_BRIDGING_HEADER = "Agentum/FMDB-Bridging-Header.h";
				SWIFT_OPTIMIZATION_LEVEL = "-Onone";
				VALIDATE_PRODUCT = YES;
			};
			name = Release;
		};
		88DE668B1B748794004D7F15 /* Debug */ = {
			isa = XCBuildConfiguration;
			baseConfigurationReference = D93FF55E79FE20D4246BCE05 /* Pods-Agentum.debug.xcconfig */;
			buildSettings = {
				ASSETCATALOG_COMPILER_APPICON_NAME = AppIcon;
				FRAMEWORK_SEARCH_PATHS = (
					"$(inherited)",
					"$(PROJECT_DIR)/Pods/DBAccess",
				);
				INFOPLIST_FILE = Agentum/Info.plist;
				LD_RUNPATH_SEARCH_PATHS = "$(inherited) @executable_path/Frameworks";
				OTHER_LDFLAGS = "";
				PRODUCT_NAME = "$(TARGET_NAME)";
				SWIFT_OBJC_BRIDGING_HEADER = "Agentum/FMDB-Bridging-Header.h";
			};
			name = Debug;
		};
		88DE668C1B748794004D7F15 /* Release */ = {
			isa = XCBuildConfiguration;
			baseConfigurationReference = E28C22C97AA06C60C0DB5E55 /* Pods-Agentum.release.xcconfig */;
			buildSettings = {
				ASSETCATALOG_COMPILER_APPICON_NAME = AppIcon;
				FRAMEWORK_SEARCH_PATHS = (
					"$(inherited)",
					"$(PROJECT_DIR)/Pods/DBAccess",
				);
				INFOPLIST_FILE = Agentum/Info.plist;
				LD_RUNPATH_SEARCH_PATHS = "$(inherited) @executable_path/Frameworks";
				OTHER_LDFLAGS = "";
				PRODUCT_NAME = "$(TARGET_NAME)";
				SWIFT_OBJC_BRIDGING_HEADER = "Agentum/FMDB-Bridging-Header.h";
			};
			name = Release;
		};
		88DE668E1B748794004D7F15 /* Debug */ = {
			isa = XCBuildConfiguration;
			buildSettings = {
				BUNDLE_LOADER = "$(TEST_HOST)";
				FRAMEWORK_SEARCH_PATHS = (
					"$(SDKROOT)/Developer/Library/Frameworks",
					"$(inherited)",
				);
				GCC_PREPROCESSOR_DEFINITIONS = (
					"DEBUG=1",
					"$(inherited)",
				);
				INFOPLIST_FILE = AgentumTests/Info.plist;
				LD_RUNPATH_SEARCH_PATHS = "$(inherited) @executable_path/Frameworks @loader_path/Frameworks";
				PRODUCT_NAME = "$(TARGET_NAME)";
				TEST_HOST = "$(BUILT_PRODUCTS_DIR)/Agentum.app/Agentum";
			};
			name = Debug;
		};
		88DE668F1B748794004D7F15 /* Release */ = {
			isa = XCBuildConfiguration;
			buildSettings = {
				BUNDLE_LOADER = "$(TEST_HOST)";
				FRAMEWORK_SEARCH_PATHS = (
					"$(SDKROOT)/Developer/Library/Frameworks",
					"$(inherited)",
				);
				INFOPLIST_FILE = AgentumTests/Info.plist;
				LD_RUNPATH_SEARCH_PATHS = "$(inherited) @executable_path/Frameworks @loader_path/Frameworks";
				PRODUCT_NAME = "$(TARGET_NAME)";
				TEST_HOST = "$(BUILT_PRODUCTS_DIR)/Agentum.app/Agentum";
			};
			name = Release;
		};
/* End XCBuildConfiguration section */

/* Begin XCConfigurationList section */
		88DE66661B748794004D7F15 /* Build configuration list for PBXProject "Agentum" */ = {
			isa = XCConfigurationList;
			buildConfigurations = (
				88DE66881B748794004D7F15 /* Debug */,
				88DE66891B748794004D7F15 /* Release */,
			);
			defaultConfigurationIsVisible = 0;
			defaultConfigurationName = Release;
		};
		88DE668A1B748794004D7F15 /* Build configuration list for PBXNativeTarget "Agentum" */ = {
			isa = XCConfigurationList;
			buildConfigurations = (
				88DE668B1B748794004D7F15 /* Debug */,
				88DE668C1B748794004D7F15 /* Release */,
			);
			defaultConfigurationIsVisible = 0;
			defaultConfigurationName = Release;
		};
		88DE668D1B748794004D7F15 /* Build configuration list for PBXNativeTarget "AgentumTests" */ = {
			isa = XCConfigurationList;
			buildConfigurations = (
				88DE668E1B748794004D7F15 /* Debug */,
				88DE668F1B748794004D7F15 /* Release */,
			);
			defaultConfigurationIsVisible = 0;
			defaultConfigurationName = Release;
		};
/* End XCConfigurationList section */
	};
	rootObject = 88DE66631B748794004D7F15 /* Project object */;
}
